
Microsoft Visual Studio Solution File, Format Version 12.00
# Visual Studio 2012
Project("{FAE04EC0-301F-11D3-BF4B-00C04F79EFBC}") = "HansKindberg.Web.Paging.Temporary", "HansKindberg.Web.Paging.Temporary\HansKindberg.Web.Paging.Temporary.csproj", "{758620F8-9B47-486E-902D-08961858820C}"
EndProject
Project("{2150E333-8FDC-42A3-9474-1A3956D46DE8}") = "CodeAnalysis", "CodeAnalysis", "{34A5849D-2E08-441A-B6C4-EC3685EC4EAC}"
	ProjectSection(SolutionItems) = preProject
		CodeAnalysis\Solution.ruleset = CodeAnalysis\Solution.ruleset
		CodeAnalysis\Solution.Tests.ruleset = CodeAnalysis\Solution.Tests.ruleset
		CodeAnalysis\SolutionDictionary.xml = CodeAnalysis\SolutionDictionary.xml
		CodeAnalysis\SolutionSuppressions.cs = CodeAnalysis\SolutionSuppressions.cs
	EndProjectSection
EndProject
Project("{2150E333-8FDC-42A3-9474-1A3956D46DE8}") = "Properties", "Properties", "{0C3A651A-5E8E-4FEB-97B3-10E709DEEA54}"
	ProjectSection(SolutionItems) = preProject
		Properties\SolutionInfo.cs = Properties\SolutionInfo.cs
	EndProjectSection
EndProject
Project("{2150E333-8FDC-42A3-9474-1A3956D46DE8}") = "Solution Items", "Solution Items", "{E5F1941C-31D3-4BE3-97DB-81FC222775FD}"
	ProjectSection(SolutionItems) = preProject
		HansKindberg.snk = HansKindberg.snk
		README.md = README.md
	EndProjectSection
EndProject
Project("{2150E333-8FDC-42A3-9474-1A3956D46DE8}") = ".nuget", ".nuget", "{8309C841-EC8A-4CAB-B803-0BBDD260B557}"
	ProjectSection(SolutionItems) = preProject
		.nuget\NuGet.config = .nuget\NuGet.config
		.nuget\NuGet.exe = .nuget\NuGet.exe
		.nuget\NuGet.targets = .nuget\NuGet.targets
	EndProjectSection
EndProject
Project("{FAE04EC0-301F-11D3-BF4B-00C04F79EFBC}") = "HansKindberg.Web.Paging.Temporary.Tests", "HansKindberg.Web.Paging.Temporary.Tests\HansKindberg.Web.Paging.Temporary.Tests.csproj", "{A6EAEBE1-133B-495F-BE69-EBFFB494BFA3}"
EndProject
Project("{FAE04EC0-301F-11D3-BF4B-00C04F79EFBC}") = "HansKindberg.Web.Paging.TestApplication", "HansKindberg.Web.Paging.TestApplication\HansKindberg.Web.Paging.TestApplication.csproj", "{9F6EAEE3-3ABC-4A55-A1E0-6AF02BCBF952}"
EndProject
Global
	GlobalSection(SolutionConfigurationPlatforms) = preSolution
		Debug|Any CPU = Debug|Any CPU
		Release|Any CPU = Release|Any CPU
	EndGlobalSection
	GlobalSection(ProjectConfigurationPlatforms) = postSolution
		{758620F8-9B47-486E-902D-08961858820C}.Debug|Any CPU.ActiveCfg = Debug|Any CPU
		{758620F8-9B47-486E-902D-08961858820C}.Debug|Any CPU.Build.0 = Debug|Any CPU
		{758620F8-9B47-486E-902D-08961858820C}.Release|Any CPU.ActiveCfg = Release|Any CPU
		{758620F8-9B47-486E-902D-08961858820C}.Release|Any CPU.Build.0 = Release|Any CPU
		{A6EAEBE1-133B-495F-BE69-EBFFB494BFA3}.Debug|Any CPU.ActiveCfg = Debug|Any CPU
		{A6EAEBE1-133B-495F-BE69-EBFFB494BFA3}.Debug|Any CPU.Build.0 = Debug|Any CPU
		{A6EAEBE1-133B-495F-BE69-EBFFB494BFA3}.Release|Any CPU.ActiveCfg = Release|Any CPU
		{A6EAEBE1-133B-495F-BE69-EBFFB494BFA3}.Release|Any CPU.Build.0 = Release|Any CPU
		{9F6EAEE3-3ABC-4A55-A1E0-6AF02BCBF952}.Debug|Any CPU.ActiveCfg = Debug|Any CPU
		{9F6EAEE3-3ABC-4A55-A1E0-6AF02BCBF952}.Debug|Any CPU.Build.0 = Debug|Any CPU
		{9F6EAEE3-3ABC-4A55-A1E0-6AF02BCBF952}.Release|Any CPU.ActiveCfg = Release|Any CPU
		{9F6EAEE3-3ABC-4A55-A1E0-6AF02BCBF952}.Release|Any CPU.Build.0 = Release|Any CPU
	EndGlobalSection
	GlobalSection(SolutionProperties) = preSolution
		HideSolutionNode = FALSE
	EndGlobalSection
EndGlobal
